
Microsoft Visual Studio Solution File, Format Version 12.00
# Visual Studio 15
VisualStudioVersion = 15.0.28307.1622
MinimumVisualStudioVersion = 10.0.40219.1
Project("{FAE04EC0-301F-11D3-BF4B-00C04F79EFBC}") = "Average_Calculator", "ConsoleApp4\Average_Calculator.csproj", "{2549BFEB-E6EB-4D39-9CF0-4861E226F11C}"
EndProject
Global
	GlobalSection(SolutionConfigurationPlatforms) = preSolution
		Debug|Any CPU = Debug|Any CPU
		Release|Any CPU = Release|Any CPU
	EndGlobalSection
	GlobalSection(ProjectConfigurationPlatforms) = postSolution
		{2549BFEB-E6EB-4D39-9CF0-4861E226F11C}.Debug|Any CPU.ActiveCfg = Debug|Any CPU
		{2549BFEB-E6EB-4D39-9CF0-4861E226F11C}.Debug|Any CPU.Build.0 = Debug|Any CPU
		{2549BFEB-E6EB-4D39-9CF0-4861E226F11C}.Release|Any CPU.ActiveCfg = Release|Any CPU
		{2549BFEB-E6EB-4D39-9CF0-4861E226F11C}.Release|Any CPU.Build.0 = Release|Any CPU
	EndGlobalSection
	GlobalSection(SolutionProperties) = preSolution
		HideSolutionNode = FALSE
	EndGlobalSection
	GlobalSection(ExtensibilityGlobals) = postSolution
		SolutionGuid = {160B1761-FCAD-45BB-B1B5-E29F4D04E104}
	EndGlobalSection
EndGlobal
